{
  "object": {
    "pins": [
      {
        "package": "Alamofire",
        "repositoryURL": "https://github.com/Alamofire/Alamofire.git",
        "state": {
          "branch": null,
          "revision": "75bba56748359f297a83f620d45f72cf4ebee4e7",
          "version": "4.8.2"
        }
      },
      {
        "package": "FileMD5Hash",
        "repositoryURL": "https://github.com/crspybits/FileMD5Hash.git",
        "state": {
          "branch": "master",
          "revision": "56279e6fbad92354ab6dff74afe8cb14a540902a",
          "version": null
        }
      },
      {
        "package": "KeychainAccess",
        "repositoryURL": "https://github.com/kishikawakatsumi/KeychainAccess.git",
        "state": {
          "branch": null,
          "revision": "8d33ffd6f74b3bcfc99af759d4204c6395a3f918",
          "version": "3.2.1"
        }
      },
      {
        "package": "PersistentValue",
        "repositoryURL": "https://github.com/crspybits/PersistentValue.git",
        "state": {
          "branch": null,
          "revision": "995657d86a2101abfc1bb72a2c631d8433707df0",
          "version": "0.6.0"
        }
      },
      {
        "package": "SQLite.swift",
        "repositoryURL": "https://github.com/stephencelis/SQLite.swift.git",
        "state": {
          "branch": null,
          "revision": "0a9893ec030501a3956bee572d6b4fdd3ae158a1",
          "version": "0.12.2"
        }
      },
      {
        "package": "swift-log",
        "repositoryURL": "https://github.com/apple/swift-log.git",
        "state": {
          "branch": null,
          "revision": "74d7b91ceebc85daf387ebb206003f78813f71aa",
          "version": "1.2.0"
        }
      },
      {
        "package": "SwiftyDropbox",
        "repositoryURL": "https://github.com/crspybits/SwiftyDropbox.git",
        "state": {
          "branch": "master",
          "revision": "fbedfc164895e4bfece9bb8006e59f195978fe83",
          "version": null
        }
      },
      {
        "package": "SwiftyUserDefaults",
        "repositoryURL": "https://github.com/sunshinejr/SwiftyUserDefaults.git",
        "state": {
          "branch": null,
          "revision": "1930a81a299b074fd72eee09e88e452ad37dc34d",
          "version": "5.0.0"
        }
      },
      {
        "package": "Version",
        "repositoryURL": "https://github.com/mrackwitz/Version.git",
        "state": {
          "branch": null,
          "revision": "fd4b0eb5756aa7f1c33977fb626cf37d2140a3a0",
          "version": "0.8.0"
        }
      }
    ]
  },
  "version": 1
}
